
Microsoft Visual Studio Solution File, Format Version 12.00
# Visual Studio 15
VisualStudioVersion = 15.0.27703.2035
MinimumVisualStudioVersion = 10.0.40219.1
Project("{9A19103F-16F7-4668-BE54-9A1E7A4F7556}") = "HelloWorld", "HelloWorld\HelloWorld.csproj", "{9AAC9024-3120-4086-9806-178BA6D38B0B}"
EndProject
Project("{9A19103F-16F7-4668-BE54-9A1E7A4F7556}") = "JsonNetParse", "JsonNetParse\JsonNetParse.csproj", "{EBCBC74D-C27D-41DA-A2B5-3E93086BEA12}"
EndProject
Project("{9A19103F-16F7-4668-BE54-9A1E7A4F7556}") = "HttpClientLearn", "HttpClientLearn\HttpClientLearn.csproj", "{D31D80E1-34BD-40FD-8E92-2383244F550F}"
EndProject
Project("{9A19103F-16F7-4668-BE54-9A1E7A4F7556}") = "Log4NetLearn", "Log4NetLearn\Log4NetLearn.csproj", "{378A5DEA-C8CF-4939-87F3-92B18D558C0F}"
EndProject
Project("{9A19103F-16F7-4668-BE54-9A1E7A4F7556}") = "AttributesLearn", "AttributesLearn\AttributesLearn.csproj", "{85EB32B4-665F-4AD3-95B1-0BDF32111516}"
EndProject
Project("{9A19103F-16F7-4668-BE54-9A1E7A4F7556}") = "BitConverterLearn", "BitConverterLearn\BitConverterLearn.csproj", "{36B9E35D-B021-42F4-98C3-D39A6EDE2F2F}"
EndProject
Project("{9A19103F-16F7-4668-BE54-9A1E7A4F7556}") = "StreamLearn", "StreamLearn\StreamLearn.csproj", "{05A60DE3-4AD3-4654-99EB-1A3A49D0ECE4}"
EndProject
Project("{9A19103F-16F7-4668-BE54-9A1E7A4F7556}") = "NullConditionalLearn", "NullConditionalLearn\NullConditionalLearn.csproj", "{D26A7827-6930-4AC0-943F-E247FDE12789}"
EndProject
Project("{9A19103F-16F7-4668-BE54-9A1E7A4F7556}") = "UriParseLearn", "UriParseLearn\UriParseLearn.csproj", "{FD01297D-DBBA-40F6-ABE9-C89813299494}"
EndProject
Project("{9A19103F-16F7-4668-BE54-9A1E7A4F7556}") = "PathLearn", "PathLearn\PathLearn.csproj", "{87B37FA4-70DA-4C9C-BE1E-DC5A9ABE3A41}"
EndProject
Project("{9A19103F-16F7-4668-BE54-9A1E7A4F7556}") = "BitOperationsLearn", "BitOperationsLearn\BitOperationsLearn.csproj", "{D184CCA6-1812-4D3D-83CD-0F036C1BDF1D}"
EndProject
Project("{9A19103F-16F7-4668-BE54-9A1E7A4F7556}") = "AzureStorageLearn", "AzureStorageLearn\AzureStorageLearn.csproj", "{3F19D4FE-F0DC-4E3B-8D49-76E716664059}"
EndProject
Project("{9A19103F-16F7-4668-BE54-9A1E7A4F7556}") = "ImmutableObjectsLearn", "ImmutableObjectsLearn\ImmutableObjectsLearn.csproj", "{6726679F-0C5B-4BF4-9E73-1C53456D3CAF}"
EndProject
Project("{9A19103F-16F7-4668-BE54-9A1E7A4F7556}") = "FieldPatternStudy", "FieldPatternStudy\FieldPatternStudy.csproj", "{5B1FD784-AEEA-4F26-91E3-287F1ADB2640}"
EndProject
Project("{9A19103F-16F7-4668-BE54-9A1E7A4F7556}") = "NumberParseLearn", "NumberParseLearn\NumberParseLearn.csproj", "{6C891AF6-6829-4F3B-BAE0-4F2B5EB62049}"
EndProject
Project("{9A19103F-16F7-4668-BE54-9A1E7A4F7556}") = "RegexLearn", "RegexLearn\RegexLearn.csproj", "{5E091602-87F2-4ACF-8787-AD711EC83E39}"
EndProject
Project("{9A19103F-16F7-4668-BE54-9A1E7A4F7556}") = "SocketsLearn", "SocketsLearn\SocketsLearn.csproj", "{9986158C-F021-4821-81C8-269ECB0F25C4}"
EndProject
Project("{9A19103F-16F7-4668-BE54-9A1E7A4F7556}") = "AzureFunctionsLearn", "AzureFunctionsLearn\AzureFunctionsLearn.csproj", "{A7E11DCD-FEE7-4F39-B2FE-FBC4D4F7AD5D}"
EndProject
Project("{9A19103F-16F7-4668-BE54-9A1E7A4F7556}") = "EnumLearn", "EnumLearn\EnumLearn.csproj", "{58150D52-87C6-4056-91F9-A33D113CE4FB}"
EndProject
Project("{9A19103F-16F7-4668-BE54-9A1E7A4F7556}") = "ReflectionLearn", "ReflectionLearn\ReflectionLearn.csproj", "{FC50FB60-0621-4DC6-870E-52739CBC0330}"
EndProject
Project("{FAE04EC0-301F-11D3-BF4B-00C04F79EFBC}") = "MsBuildLearn", "MsBuildLearn\MsBuildLearn.csproj", "{0A758586-A036-4B0F-A96C-789528A7CFD6}"
EndProject
Project("{9A19103F-16F7-4668-BE54-9A1E7A4F7556}") = "StringFormatLearn", "StringFormatLearn\StringFormatLearn.csproj", "{FA823C1F-7BC3-4293-AB18-D55FE1F03839}"
EndProject
Project("{9A19103F-16F7-4668-BE54-9A1E7A4F7556}") = "LinqLearn", "LinqLearn\LinqLearn.csproj", "{19553786-6259-4A51-99C6-01314FDA50B9}"
EndProject
Project("{9A19103F-16F7-4668-BE54-9A1E7A4F7556}") = "CommandLineArgsLearn", "CommandLineArgsLearn\CommandLineArgsLearn.csproj", "{08EB7BD3-B2EF-4AD6-B936-2186EA723078}"
EndProject
Project("{9A19103F-16F7-4668-BE54-9A1E7A4F7556}") = "ExtensionsLearn", "ExtensionsLearn\ExtensionsLearn.csproj", "{805C68CC-909B-4ABD-9F3A-C54D3902A1BB}"
EndProject
Project("{9A19103F-16F7-4668-BE54-9A1E7A4F7556}") = "NugetLearn", "NugetLearn\NugetLearn.csproj", "{7D86BDA6-0F0A-471E-8086-B48DFAA51CE5}"
EndProject
Project("{9A19103F-16F7-4668-BE54-9A1E7A4F7556}") = "TempFileLearn", "TempFileLearn\TempFileLearn.csproj", "{73302DF3-E9F0-4958-B8A7-2399BDEA1C60}"
EndProject
Project("{9A19103F-16F7-4668-BE54-9A1E7A4F7556}") = "AsyncLearn", "AsyncLearn\AsyncLearn.csproj", "{84F34F10-F31F-4774-80A1-5610EE9A7F5D}"
EndProject
Project("{9A19103F-16F7-4668-BE54-9A1E7A4F7556}") = "AzureServiceBusLearn", "AzureServiceBusLearn\AzureServiceBusLearn.csproj", "{CF91A8F9-AA01-4D92-9B3B-E9B09AEF4E79}"
EndProject
Project("{9A19103F-16F7-4668-BE54-9A1E7A4F7556}") = "NetStandardLearn", "NetStandardLearn\NetStandardLearn.csproj", "{2AE5F1E0-9008-40F4-BC83-C62632EA3F1A}"
EndProject
Project("{9A19103F-16F7-4668-BE54-9A1E7A4F7556}") = "CollectionsLearn", "CollectionsLearn\CollectionsLearn.csproj", "{9DBEBD52-71F9-4349-9731-133547214DDE}"
EndProject
Project("{FAE04EC0-301F-11D3-BF4B-00C04F79EFBC}") = "FrameworkApp", "FrameworkApp\FrameworkApp.csproj", "{F0A88F72-429E-4543-93A6-E6D1ADFB3054}"
EndProject
Project("{9A19103F-16F7-4668-BE54-9A1E7A4F7556}") = "AzureFunctions2", "AzureFunctions2\AzureFunctions2.csproj", "{B59B2782-AE0A-4232-856F-52CD38BBCDCB}"
EndProject
Project("{9A19103F-16F7-4668-BE54-9A1E7A4F7556}") = "ConvertLearn", "ConvertLearn\ConvertLearn.csproj", "{2D86FB77-C7CF-435E-ABB3-63E0F04F8C3E}"
EndProject
Project("{FAE04EC0-301F-11D3-BF4B-00C04F79EFBC}") = "FileEmbedLearn", "FileEmbedLearn\FileEmbedLearn.csproj", "{2882F121-C59F-4C73-8166-4174505C908D}"
EndProject
Global
	GlobalSection(SolutionConfigurationPlatforms) = preSolution
		Debug|Any CPU = Debug|Any CPU
		Debug|x86 = Debug|x86
		Release|Any CPU = Release|Any CPU
		Release|x86 = Release|x86
	EndGlobalSection
	GlobalSection(ProjectConfigurationPlatforms) = postSolution
		{9AAC9024-3120-4086-9806-178BA6D38B0B}.Debug|Any CPU.ActiveCfg = Debug|Any CPU
		{9AAC9024-3120-4086-9806-178BA6D38B0B}.Debug|Any CPU.Build.0 = Debug|Any CPU
		{9AAC9024-3120-4086-9806-178BA6D38B0B}.Debug|x86.ActiveCfg = Debug|Any CPU
		{9AAC9024-3120-4086-9806-178BA6D38B0B}.Debug|x86.Build.0 = Debug|Any CPU
		{9AAC9024-3120-4086-9806-178BA6D38B0B}.Release|Any CPU.ActiveCfg = Release|Any CPU
		{9AAC9024-3120-4086-9806-178BA6D38B0B}.Release|Any CPU.Build.0 = Release|Any CPU
		{9AAC9024-3120-4086-9806-178BA6D38B0B}.Release|x86.ActiveCfg = Release|Any CPU
		{9AAC9024-3120-4086-9806-178BA6D38B0B}.Release|x86.Build.0 = Release|Any CPU
		{EBCBC74D-C27D-41DA-A2B5-3E93086BEA12}.Debug|Any CPU.ActiveCfg = Debug|Any CPU
		{EBCBC74D-C27D-41DA-A2B5-3E93086BEA12}.Debug|Any CPU.Build.0 = Debug|Any CPU
		{EBCBC74D-C27D-41DA-A2B5-3E93086BEA12}.Debug|x86.ActiveCfg = Debug|Any CPU
		{EBCBC74D-C27D-41DA-A2B5-3E93086BEA12}.Debug|x86.Build.0 = Debug|Any CPU
		{EBCBC74D-C27D-41DA-A2B5-3E93086BEA12}.Release|Any CPU.ActiveCfg = Release|Any CPU
		{EBCBC74D-C27D-41DA-A2B5-3E93086BEA12}.Release|Any CPU.Build.0 = Release|Any CPU
		{EBCBC74D-C27D-41DA-A2B5-3E93086BEA12}.Release|x86.ActiveCfg = Release|Any CPU
		{EBCBC74D-C27D-41DA-A2B5-3E93086BEA12}.Release|x86.Build.0 = Release|Any CPU
		{D31D80E1-34BD-40FD-8E92-2383244F550F}.Debug|Any CPU.ActiveCfg = Debug|Any CPU
		{D31D80E1-34BD-40FD-8E92-2383244F550F}.Debug|Any CPU.Build.0 = Debug|Any CPU
		{D31D80E1-34BD-40FD-8E92-2383244F550F}.Debug|x86.ActiveCfg = Debug|Any CPU
		{D31D80E1-34BD-40FD-8E92-2383244F550F}.Debug|x86.Build.0 = Debug|Any CPU
		{D31D80E1-34BD-40FD-8E92-2383244F550F}.Release|Any CPU.ActiveCfg = Release|Any CPU
		{D31D80E1-34BD-40FD-8E92-2383244F550F}.Release|Any CPU.Build.0 = Release|Any CPU
		{D31D80E1-34BD-40FD-8E92-2383244F550F}.Release|x86.ActiveCfg = Release|Any CPU
		{D31D80E1-34BD-40FD-8E92-2383244F550F}.Release|x86.Build.0 = Release|Any CPU
		{378A5DEA-C8CF-4939-87F3-92B18D558C0F}.Debug|Any CPU.ActiveCfg = Debug|Any CPU
		{378A5DEA-C8CF-4939-87F3-92B18D558C0F}.Debug|Any CPU.Build.0 = Debug|Any CPU
		{378A5DEA-C8CF-4939-87F3-92B18D558C0F}.Debug|x86.ActiveCfg = Debug|Any CPU
		{378A5DEA-C8CF-4939-87F3-92B18D558C0F}.Debug|x86.Build.0 = Debug|Any CPU
		{378A5DEA-C8CF-4939-87F3-92B18D558C0F}.Release|Any CPU.ActiveCfg = Release|Any CPU
		{378A5DEA-C8CF-4939-87F3-92B18D558C0F}.Release|Any CPU.Build.0 = Release|Any CPU
		{378A5DEA-C8CF-4939-87F3-92B18D558C0F}.Release|x86.ActiveCfg = Release|Any CPU
		{378A5DEA-C8CF-4939-87F3-92B18D558C0F}.Release|x86.Build.0 = Release|Any CPU
		{85EB32B4-665F-4AD3-95B1-0BDF32111516}.Debug|Any CPU.ActiveCfg = Debug|Any CPU
		{85EB32B4-665F-4AD3-95B1-0BDF32111516}.Debug|Any CPU.Build.0 = Debug|Any CPU
		{85EB32B4-665F-4AD3-95B1-0BDF32111516}.Debug|x86.ActiveCfg = Debug|Any CPU
		{85EB32B4-665F-4AD3-95B1-0BDF32111516}.Debug|x86.Build.0 = Debug|Any CPU
		{85EB32B4-665F-4AD3-95B1-0BDF32111516}.Release|Any CPU.ActiveCfg = Release|Any CPU
		{85EB32B4-665F-4AD3-95B1-0BDF32111516}.Release|Any CPU.Build.0 = Release|Any CPU
		{85EB32B4-665F-4AD3-95B1-0BDF32111516}.Release|x86.ActiveCfg = Release|Any CPU
		{85EB32B4-665F-4AD3-95B1-0BDF32111516}.Release|x86.Build.0 = Release|Any CPU
		{36B9E35D-B021-42F4-98C3-D39A6EDE2F2F}.Debug|Any CPU.ActiveCfg = Debug|Any CPU
		{36B9E35D-B021-42F4-98C3-D39A6EDE2F2F}.Debug|Any CPU.Build.0 = Debug|Any CPU
		{36B9E35D-B021-42F4-98C3-D39A6EDE2F2F}.Debug|x86.ActiveCfg = Debug|Any CPU
		{36B9E35D-B021-42F4-98C3-D39A6EDE2F2F}.Debug|x86.Build.0 = Debug|Any CPU
		{36B9E35D-B021-42F4-98C3-D39A6EDE2F2F}.Release|Any CPU.ActiveCfg = Release|Any CPU
		{36B9E35D-B021-42F4-98C3-D39A6EDE2F2F}.Release|Any CPU.Build.0 = Release|Any CPU
		{36B9E35D-B021-42F4-98C3-D39A6EDE2F2F}.Release|x86.ActiveCfg = Release|Any CPU
		{36B9E35D-B021-42F4-98C3-D39A6EDE2F2F}.Release|x86.Build.0 = Release|Any CPU
		{05A60DE3-4AD3-4654-99EB-1A3A49D0ECE4}.Debug|Any CPU.ActiveCfg = Debug|Any CPU
		{05A60DE3-4AD3-4654-99EB-1A3A49D0ECE4}.Debug|Any CPU.Build.0 = Debug|Any CPU
		{05A60DE3-4AD3-4654-99EB-1A3A49D0ECE4}.Debug|x86.ActiveCfg = Debug|Any CPU
		{05A60DE3-4AD3-4654-99EB-1A3A49D0ECE4}.Debug|x86.Build.0 = Debug|Any CPU
		{05A60DE3-4AD3-4654-99EB-1A3A49D0ECE4}.Release|Any CPU.ActiveCfg = Release|Any CPU
		{05A60DE3-4AD3-4654-99EB-1A3A49D0ECE4}.Release|Any CPU.Build.0 = Release|Any CPU
		{05A60DE3-4AD3-4654-99EB-1A3A49D0ECE4}.Release|x86.ActiveCfg = Release|Any CPU
		{05A60DE3-4AD3-4654-99EB-1A3A49D0ECE4}.Release|x86.Build.0 = Release|Any CPU
		{D26A7827-6930-4AC0-943F-E247FDE12789}.Debug|Any CPU.ActiveCfg = Debug|Any CPU
		{D26A7827-6930-4AC0-943F-E247FDE12789}.Debug|Any CPU.Build.0 = Debug|Any CPU
		{D26A7827-6930-4AC0-943F-E247FDE12789}.Debug|x86.ActiveCfg = Debug|Any CPU
		{D26A7827-6930-4AC0-943F-E247FDE12789}.Debug|x86.Build.0 = Debug|Any CPU
		{D26A7827-6930-4AC0-943F-E247FDE12789}.Release|Any CPU.ActiveCfg = Release|Any CPU
		{D26A7827-6930-4AC0-943F-E247FDE12789}.Release|Any CPU.Build.0 = Release|Any CPU
		{D26A7827-6930-4AC0-943F-E247FDE12789}.Release|x86.ActiveCfg = Release|Any CPU
		{D26A7827-6930-4AC0-943F-E247FDE12789}.Release|x86.Build.0 = Release|Any CPU
		{FD01297D-DBBA-40F6-ABE9-C89813299494}.Debug|Any CPU.ActiveCfg = Debug|Any CPU
		{FD01297D-DBBA-40F6-ABE9-C89813299494}.Debug|Any CPU.Build.0 = Debug|Any CPU
		{FD01297D-DBBA-40F6-ABE9-C89813299494}.Debug|x86.ActiveCfg = Debug|Any CPU
		{FD01297D-DBBA-40F6-ABE9-C89813299494}.Debug|x86.Build.0 = Debug|Any CPU
		{FD01297D-DBBA-40F6-ABE9-C89813299494}.Release|Any CPU.ActiveCfg = Release|Any CPU
		{FD01297D-DBBA-40F6-ABE9-C89813299494}.Release|Any CPU.Build.0 = Release|Any CPU
		{FD01297D-DBBA-40F6-ABE9-C89813299494}.Release|x86.ActiveCfg = Release|Any CPU
		{FD01297D-DBBA-40F6-ABE9-C89813299494}.Release|x86.Build.0 = Release|Any CPU
		{87B37FA4-70DA-4C9C-BE1E-DC5A9ABE3A41}.Debug|Any CPU.ActiveCfg = Debug|Any CPU
		{87B37FA4-70DA-4C9C-BE1E-DC5A9ABE3A41}.Debug|Any CPU.Build.0 = Debug|Any CPU
		{87B37FA4-70DA-4C9C-BE1E-DC5A9ABE3A41}.Debug|x86.ActiveCfg = Debug|Any CPU
		{87B37FA4-70DA-4C9C-BE1E-DC5A9ABE3A41}.Debug|x86.Build.0 = Debug|Any CPU
		{87B37FA4-70DA-4C9C-BE1E-DC5A9ABE3A41}.Release|Any CPU.ActiveCfg = Release|Any CPU
		{87B37FA4-70DA-4C9C-BE1E-DC5A9ABE3A41}.Release|Any CPU.Build.0 = Release|Any CPU
		{87B37FA4-70DA-4C9C-BE1E-DC5A9ABE3A41}.Release|x86.ActiveCfg = Release|Any CPU
		{87B37FA4-70DA-4C9C-BE1E-DC5A9ABE3A41}.Release|x86.Build.0 = Release|Any CPU
		{D184CCA6-1812-4D3D-83CD-0F036C1BDF1D}.Debug|Any CPU.ActiveCfg = Debug|Any CPU
		{D184CCA6-1812-4D3D-83CD-0F036C1BDF1D}.Debug|Any CPU.Build.0 = Debug|Any CPU
		{D184CCA6-1812-4D3D-83CD-0F036C1BDF1D}.Debug|x86.ActiveCfg = Debug|Any CPU
		{D184CCA6-1812-4D3D-83CD-0F036C1BDF1D}.Debug|x86.Build.0 = Debug|Any CPU
		{D184CCA6-1812-4D3D-83CD-0F036C1BDF1D}.Release|Any CPU.ActiveCfg = Release|Any CPU
		{D184CCA6-1812-4D3D-83CD-0F036C1BDF1D}.Release|Any CPU.Build.0 = Release|Any CPU
		{D184CCA6-1812-4D3D-83CD-0F036C1BDF1D}.Release|x86.ActiveCfg = Release|Any CPU
		{D184CCA6-1812-4D3D-83CD-0F036C1BDF1D}.Release|x86.Build.0 = Release|Any CPU
		{3F19D4FE-F0DC-4E3B-8D49-76E716664059}.Debug|Any CPU.ActiveCfg = Debug|Any CPU
		{3F19D4FE-F0DC-4E3B-8D49-76E716664059}.Debug|Any CPU.Build.0 = Debug|Any CPU
		{3F19D4FE-F0DC-4E3B-8D49-76E716664059}.Debug|x86.ActiveCfg = Debug|Any CPU
		{3F19D4FE-F0DC-4E3B-8D49-76E716664059}.Debug|x86.Build.0 = Debug|Any CPU
		{3F19D4FE-F0DC-4E3B-8D49-76E716664059}.Release|Any CPU.ActiveCfg = Release|Any CPU
		{3F19D4FE-F0DC-4E3B-8D49-76E716664059}.Release|Any CPU.Build.0 = Release|Any CPU
		{3F19D4FE-F0DC-4E3B-8D49-76E716664059}.Release|x86.ActiveCfg = Release|Any CPU
		{3F19D4FE-F0DC-4E3B-8D49-76E716664059}.Release|x86.Build.0 = Release|Any CPU
		{6726679F-0C5B-4BF4-9E73-1C53456D3CAF}.Debug|Any CPU.ActiveCfg = Debug|Any CPU
		{6726679F-0C5B-4BF4-9E73-1C53456D3CAF}.Debug|Any CPU.Build.0 = Debug|Any CPU
		{6726679F-0C5B-4BF4-9E73-1C53456D3CAF}.Debug|x86.ActiveCfg = Debug|Any CPU
		{6726679F-0C5B-4BF4-9E73-1C53456D3CAF}.Debug|x86.Build.0 = Debug|Any CPU
		{6726679F-0C5B-4BF4-9E73-1C53456D3CAF}.Release|Any CPU.ActiveCfg = Release|Any CPU
		{6726679F-0C5B-4BF4-9E73-1C53456D3CAF}.Release|Any CPU.Build.0 = Release|Any CPU
		{6726679F-0C5B-4BF4-9E73-1C53456D3CAF}.Release|x86.ActiveCfg = Release|Any CPU
		{6726679F-0C5B-4BF4-9E73-1C53456D3CAF}.Release|x86.Build.0 = Release|Any CPU
		{5B1FD784-AEEA-4F26-91E3-287F1ADB2640}.Debug|Any CPU.ActiveCfg = Debug|Any CPU
		{5B1FD784-AEEA-4F26-91E3-287F1ADB2640}.Debug|Any CPU.Build.0 = Debug|Any CPU
		{5B1FD784-AEEA-4F26-91E3-287F1ADB2640}.Debug|x86.ActiveCfg = Debug|Any CPU
		{5B1FD784-AEEA-4F26-91E3-287F1ADB2640}.Debug|x86.Build.0 = Debug|Any CPU
		{5B1FD784-AEEA-4F26-91E3-287F1ADB2640}.Release|Any CPU.ActiveCfg = Release|Any CPU
		{5B1FD784-AEEA-4F26-91E3-287F1ADB2640}.Release|Any CPU.Build.0 = Release|Any CPU
		{5B1FD784-AEEA-4F26-91E3-287F1ADB2640}.Release|x86.ActiveCfg = Release|Any CPU
		{5B1FD784-AEEA-4F26-91E3-287F1ADB2640}.Release|x86.Build.0 = Release|Any CPU
		{6C891AF6-6829-4F3B-BAE0-4F2B5EB62049}.Debug|Any CPU.ActiveCfg = Debug|Any CPU
		{6C891AF6-6829-4F3B-BAE0-4F2B5EB62049}.Debug|Any CPU.Build.0 = Debug|Any CPU
		{6C891AF6-6829-4F3B-BAE0-4F2B5EB62049}.Debug|x86.ActiveCfg = Debug|Any CPU
		{6C891AF6-6829-4F3B-BAE0-4F2B5EB62049}.Debug|x86.Build.0 = Debug|Any CPU
		{6C891AF6-6829-4F3B-BAE0-4F2B5EB62049}.Release|Any CPU.ActiveCfg = Release|Any CPU
		{6C891AF6-6829-4F3B-BAE0-4F2B5EB62049}.Release|Any CPU.Build.0 = Release|Any CPU
		{6C891AF6-6829-4F3B-BAE0-4F2B5EB62049}.Release|x86.ActiveCfg = Release|Any CPU
		{6C891AF6-6829-4F3B-BAE0-4F2B5EB62049}.Release|x86.Build.0 = Release|Any CPU
		{5E091602-87F2-4ACF-8787-AD711EC83E39}.Debug|Any CPU.ActiveCfg = Debug|Any CPU
		{5E091602-87F2-4ACF-8787-AD711EC83E39}.Debug|Any CPU.Build.0 = Debug|Any CPU
		{5E091602-87F2-4ACF-8787-AD711EC83E39}.Debug|x86.ActiveCfg = Debug|Any CPU
		{5E091602-87F2-4ACF-8787-AD711EC83E39}.Debug|x86.Build.0 = Debug|Any CPU
		{5E091602-87F2-4ACF-8787-AD711EC83E39}.Release|Any CPU.ActiveCfg = Release|Any CPU
		{5E091602-87F2-4ACF-8787-AD711EC83E39}.Release|Any CPU.Build.0 = Release|Any CPU
		{5E091602-87F2-4ACF-8787-AD711EC83E39}.Release|x86.ActiveCfg = Release|Any CPU
		{5E091602-87F2-4ACF-8787-AD711EC83E39}.Release|x86.Build.0 = Release|Any CPU
		{9986158C-F021-4821-81C8-269ECB0F25C4}.Debug|Any CPU.ActiveCfg = Debug|Any CPU
		{9986158C-F021-4821-81C8-269ECB0F25C4}.Debug|Any CPU.Build.0 = Debug|Any CPU
		{9986158C-F021-4821-81C8-269ECB0F25C4}.Debug|x86.ActiveCfg = Debug|Any CPU
		{9986158C-F021-4821-81C8-269ECB0F25C4}.Debug|x86.Build.0 = Debug|Any CPU
		{9986158C-F021-4821-81C8-269ECB0F25C4}.Release|Any CPU.ActiveCfg = Release|Any CPU
		{9986158C-F021-4821-81C8-269ECB0F25C4}.Release|Any CPU.Build.0 = Release|Any CPU
		{9986158C-F021-4821-81C8-269ECB0F25C4}.Release|x86.ActiveCfg = Release|Any CPU
		{9986158C-F021-4821-81C8-269ECB0F25C4}.Release|x86.Build.0 = Release|Any CPU
		{A7E11DCD-FEE7-4F39-B2FE-FBC4D4F7AD5D}.Debug|Any CPU.ActiveCfg = Debug|Any CPU
		{A7E11DCD-FEE7-4F39-B2FE-FBC4D4F7AD5D}.Debug|Any CPU.Build.0 = Debug|Any CPU
		{A7E11DCD-FEE7-4F39-B2FE-FBC4D4F7AD5D}.Debug|x86.ActiveCfg = Debug|Any CPU
		{A7E11DCD-FEE7-4F39-B2FE-FBC4D4F7AD5D}.Debug|x86.Build.0 = Debug|Any CPU
		{A7E11DCD-FEE7-4F39-B2FE-FBC4D4F7AD5D}.Release|Any CPU.ActiveCfg = Release|Any CPU
		{A7E11DCD-FEE7-4F39-B2FE-FBC4D4F7AD5D}.Release|Any CPU.Build.0 = Release|Any CPU
		{A7E11DCD-FEE7-4F39-B2FE-FBC4D4F7AD5D}.Release|x86.ActiveCfg = Release|Any CPU
		{A7E11DCD-FEE7-4F39-B2FE-FBC4D4F7AD5D}.Release|x86.Build.0 = Release|Any CPU
		{58150D52-87C6-4056-91F9-A33D113CE4FB}.Debug|Any CPU.ActiveCfg = Debug|Any CPU
		{58150D52-87C6-4056-91F9-A33D113CE4FB}.Debug|Any CPU.Build.0 = Debug|Any CPU
		{58150D52-87C6-4056-91F9-A33D113CE4FB}.Debug|x86.ActiveCfg = Debug|Any CPU
		{58150D52-87C6-4056-91F9-A33D113CE4FB}.Debug|x86.Build.0 = Debug|Any CPU
		{58150D52-87C6-4056-91F9-A33D113CE4FB}.Release|Any CPU.ActiveCfg = Release|Any CPU
		{58150D52-87C6-4056-91F9-A33D113CE4FB}.Release|Any CPU.Build.0 = Release|Any CPU
		{58150D52-87C6-4056-91F9-A33D113CE4FB}.Release|x86.ActiveCfg = Release|Any CPU
		{58150D52-87C6-4056-91F9-A33D113CE4FB}.Release|x86.Build.0 = Release|Any CPU
		{FC50FB60-0621-4DC6-870E-52739CBC0330}.Debug|Any CPU.ActiveCfg = Debug|Any CPU
		{FC50FB60-0621-4DC6-870E-52739CBC0330}.Debug|Any CPU.Build.0 = Debug|Any CPU
		{FC50FB60-0621-4DC6-870E-52739CBC0330}.Debug|x86.ActiveCfg = Debug|Any CPU
		{FC50FB60-0621-4DC6-870E-52739CBC0330}.Debug|x86.Build.0 = Debug|Any CPU
		{FC50FB60-0621-4DC6-870E-52739CBC0330}.Release|Any CPU.ActiveCfg = Release|Any CPU
		{FC50FB60-0621-4DC6-870E-52739CBC0330}.Release|Any CPU.Build.0 = Release|Any CPU
		{FC50FB60-0621-4DC6-870E-52739CBC0330}.Release|x86.ActiveCfg = Release|Any CPU
		{FC50FB60-0621-4DC6-870E-52739CBC0330}.Release|x86.Build.0 = Release|Any CPU
		{0A758586-A036-4B0F-A96C-789528A7CFD6}.Debug|Any CPU.ActiveCfg = Debug|x86
		{0A758586-A036-4B0F-A96C-789528A7CFD6}.Debug|x86.ActiveCfg = Debug|x86
		{0A758586-A036-4B0F-A96C-789528A7CFD6}.Debug|x86.Build.0 = Debug|x86
		{0A758586-A036-4B0F-A96C-789528A7CFD6}.Release|Any CPU.ActiveCfg = Debug|x86
		{0A758586-A036-4B0F-A96C-789528A7CFD6}.Release|Any CPU.Build.0 = Debug|x86
		{0A758586-A036-4B0F-A96C-789528A7CFD6}.Release|x86.ActiveCfg = Debug|x86
		{0A758586-A036-4B0F-A96C-789528A7CFD6}.Release|x86.Build.0 = Debug|x86
		{FA823C1F-7BC3-4293-AB18-D55FE1F03839}.Debug|Any CPU.ActiveCfg = Debug|Any CPU
		{FA823C1F-7BC3-4293-AB18-D55FE1F03839}.Debug|Any CPU.Build.0 = Debug|Any CPU
		{FA823C1F-7BC3-4293-AB18-D55FE1F03839}.Debug|x86.ActiveCfg = Debug|Any CPU
		{FA823C1F-7BC3-4293-AB18-D55FE1F03839}.Debug|x86.Build.0 = Debug|Any CPU
		{FA823C1F-7BC3-4293-AB18-D55FE1F03839}.Release|Any CPU.ActiveCfg = Release|Any CPU
		{FA823C1F-7BC3-4293-AB18-D55FE1F03839}.Release|Any CPU.Build.0 = Release|Any CPU
		{FA823C1F-7BC3-4293-AB18-D55FE1F03839}.Release|x86.ActiveCfg = Release|Any CPU
		{FA823C1F-7BC3-4293-AB18-D55FE1F03839}.Release|x86.Build.0 = Release|Any CPU
		{19553786-6259-4A51-99C6-01314FDA50B9}.Debug|Any CPU.ActiveCfg = Debug|Any CPU
		{19553786-6259-4A51-99C6-01314FDA50B9}.Debug|Any CPU.Build.0 = Debug|Any CPU
		{19553786-6259-4A51-99C6-01314FDA50B9}.Debug|x86.ActiveCfg = Debug|Any CPU
		{19553786-6259-4A51-99C6-01314FDA50B9}.Debug|x86.Build.0 = Debug|Any CPU
		{19553786-6259-4A51-99C6-01314FDA50B9}.Release|Any CPU.ActiveCfg = Release|Any CPU
		{19553786-6259-4A51-99C6-01314FDA50B9}.Release|Any CPU.Build.0 = Release|Any CPU
		{19553786-6259-4A51-99C6-01314FDA50B9}.Release|x86.ActiveCfg = Release|Any CPU
		{19553786-6259-4A51-99C6-01314FDA50B9}.Release|x86.Build.0 = Release|Any CPU
		{08EB7BD3-B2EF-4AD6-B936-2186EA723078}.Debug|Any CPU.ActiveCfg = Debug|Any CPU
		{08EB7BD3-B2EF-4AD6-B936-2186EA723078}.Debug|Any CPU.Build.0 = Debug|Any CPU
		{08EB7BD3-B2EF-4AD6-B936-2186EA723078}.Debug|x86.ActiveCfg = Debug|Any CPU
		{08EB7BD3-B2EF-4AD6-B936-2186EA723078}.Debug|x86.Build.0 = Debug|Any CPU
		{08EB7BD3-B2EF-4AD6-B936-2186EA723078}.Release|Any CPU.ActiveCfg = Release|Any CPU
		{08EB7BD3-B2EF-4AD6-B936-2186EA723078}.Release|Any CPU.Build.0 = Release|Any CPU
		{08EB7BD3-B2EF-4AD6-B936-2186EA723078}.Release|x86.ActiveCfg = Release|Any CPU
		{08EB7BD3-B2EF-4AD6-B936-2186EA723078}.Release|x86.Build.0 = Release|Any CPU
		{805C68CC-909B-4ABD-9F3A-C54D3902A1BB}.Debug|Any CPU.ActiveCfg = Debug|Any CPU
		{805C68CC-909B-4ABD-9F3A-C54D3902A1BB}.Debug|Any CPU.Build.0 = Debug|Any CPU
		{805C68CC-909B-4ABD-9F3A-C54D3902A1BB}.Debug|x86.ActiveCfg = Debug|Any CPU
		{805C68CC-909B-4ABD-9F3A-C54D3902A1BB}.Debug|x86.Build.0 = Debug|Any CPU
		{805C68CC-909B-4ABD-9F3A-C54D3902A1BB}.Release|Any CPU.ActiveCfg = Release|Any CPU
		{805C68CC-909B-4ABD-9F3A-C54D3902A1BB}.Release|Any CPU.Build.0 = Release|Any CPU
		{805C68CC-909B-4ABD-9F3A-C54D3902A1BB}.Release|x86.ActiveCfg = Release|Any CPU
		{805C68CC-909B-4ABD-9F3A-C54D3902A1BB}.Release|x86.Build.0 = Release|Any CPU
		{7D86BDA6-0F0A-471E-8086-B48DFAA51CE5}.Debug|Any CPU.ActiveCfg = Debug|Any CPU
		{7D86BDA6-0F0A-471E-8086-B48DFAA51CE5}.Debug|Any CPU.Build.0 = Debug|Any CPU
		{7D86BDA6-0F0A-471E-8086-B48DFAA51CE5}.Debug|x86.ActiveCfg = Debug|Any CPU
		{7D86BDA6-0F0A-471E-8086-B48DFAA51CE5}.Debug|x86.Build.0 = Debug|Any CPU
		{7D86BDA6-0F0A-471E-8086-B48DFAA51CE5}.Release|Any CPU.ActiveCfg = Release|Any CPU
		{7D86BDA6-0F0A-471E-8086-B48DFAA51CE5}.Release|Any CPU.Build.0 = Release|Any CPU
		{7D86BDA6-0F0A-471E-8086-B48DFAA51CE5}.Release|x86.ActiveCfg = Release|Any CPU
		{7D86BDA6-0F0A-471E-8086-B48DFAA51CE5}.Release|x86.Build.0 = Release|Any CPU
		{73302DF3-E9F0-4958-B8A7-2399BDEA1C60}.Debug|Any CPU.ActiveCfg = Debug|Any CPU
		{73302DF3-E9F0-4958-B8A7-2399BDEA1C60}.Debug|Any CPU.Build.0 = Debug|Any CPU
		{73302DF3-E9F0-4958-B8A7-2399BDEA1C60}.Debug|x86.ActiveCfg = Debug|Any CPU
		{73302DF3-E9F0-4958-B8A7-2399BDEA1C60}.Debug|x86.Build.0 = Debug|Any CPU
		{73302DF3-E9F0-4958-B8A7-2399BDEA1C60}.Release|Any CPU.ActiveCfg = Release|Any CPU
		{73302DF3-E9F0-4958-B8A7-2399BDEA1C60}.Release|Any CPU.Build.0 = Release|Any CPU
		{73302DF3-E9F0-4958-B8A7-2399BDEA1C60}.Release|x86.ActiveCfg = Release|Any CPU
		{73302DF3-E9F0-4958-B8A7-2399BDEA1C60}.Release|x86.Build.0 = Release|Any CPU
		{84F34F10-F31F-4774-80A1-5610EE9A7F5D}.Debug|Any CPU.ActiveCfg = Debug|Any CPU
		{84F34F10-F31F-4774-80A1-5610EE9A7F5D}.Debug|Any CPU.Build.0 = Debug|Any CPU
		{84F34F10-F31F-4774-80A1-5610EE9A7F5D}.Debug|x86.ActiveCfg = Debug|Any CPU
		{84F34F10-F31F-4774-80A1-5610EE9A7F5D}.Debug|x86.Build.0 = Debug|Any CPU
		{84F34F10-F31F-4774-80A1-5610EE9A7F5D}.Release|Any CPU.ActiveCfg = Release|Any CPU
		{84F34F10-F31F-4774-80A1-5610EE9A7F5D}.Release|Any CPU.Build.0 = Release|Any CPU
		{84F34F10-F31F-4774-80A1-5610EE9A7F5D}.Release|x86.ActiveCfg = Release|Any CPU
		{84F34F10-F31F-4774-80A1-5610EE9A7F5D}.Release|x86.Build.0 = Release|Any CPU
		{CF91A8F9-AA01-4D92-9B3B-E9B09AEF4E79}.Debug|Any CPU.ActiveCfg = Debug|Any CPU
		{CF91A8F9-AA01-4D92-9B3B-E9B09AEF4E79}.Debug|Any CPU.Build.0 = Debug|Any CPU
		{CF91A8F9-AA01-4D92-9B3B-E9B09AEF4E79}.Debug|x86.ActiveCfg = Debug|Any CPU
		{CF91A8F9-AA01-4D92-9B3B-E9B09AEF4E79}.Debug|x86.Build.0 = Debug|Any CPU
		{CF91A8F9-AA01-4D92-9B3B-E9B09AEF4E79}.Release|Any CPU.ActiveCfg = Release|Any CPU
		{CF91A8F9-AA01-4D92-9B3B-E9B09AEF4E79}.Release|Any CPU.Build.0 = Release|Any CPU
		{CF91A8F9-AA01-4D92-9B3B-E9B09AEF4E79}.Release|x86.ActiveCfg = Release|Any CPU
		{CF91A8F9-AA01-4D92-9B3B-E9B09AEF4E79}.Release|x86.Build.0 = Release|Any CPU
		{2AE5F1E0-9008-40F4-BC83-C62632EA3F1A}.Debug|Any CPU.ActiveCfg = Debug|Any CPU
		{2AE5F1E0-9008-40F4-BC83-C62632EA3F1A}.Debug|Any CPU.Build.0 = Debug|Any CPU
		{2AE5F1E0-9008-40F4-BC83-C62632EA3F1A}.Debug|x86.ActiveCfg = Debug|Any CPU
		{2AE5F1E0-9008-40F4-BC83-C62632EA3F1A}.Debug|x86.Build.0 = Debug|Any CPU
		{2AE5F1E0-9008-40F4-BC83-C62632EA3F1A}.Release|Any CPU.ActiveCfg = Release|Any CPU
		{2AE5F1E0-9008-40F4-BC83-C62632EA3F1A}.Release|Any CPU.Build.0 = Release|Any CPU
		{2AE5F1E0-9008-40F4-BC83-C62632EA3F1A}.Release|x86.ActiveCfg = Release|Any CPU
		{2AE5F1E0-9008-40F4-BC83-C62632EA3F1A}.Release|x86.Build.0 = Release|Any CPU
		{9DBEBD52-71F9-4349-9731-133547214DDE}.Debug|Any CPU.ActiveCfg = Debug|Any CPU
		{9DBEBD52-71F9-4349-9731-133547214DDE}.Debug|Any CPU.Build.0 = Debug|Any CPU
		{9DBEBD52-71F9-4349-9731-133547214DDE}.Debug|x86.ActiveCfg = Debug|Any CPU
		{9DBEBD52-71F9-4349-9731-133547214DDE}.Debug|x86.Build.0 = Debug|Any CPU
		{9DBEBD52-71F9-4349-9731-133547214DDE}.Release|Any CPU.ActiveCfg = Release|Any CPU
		{9DBEBD52-71F9-4349-9731-133547214DDE}.Release|Any CPU.Build.0 = Release|Any CPU
		{9DBEBD52-71F9-4349-9731-133547214DDE}.Release|x86.ActiveCfg = Release|Any CPU
		{9DBEBD52-71F9-4349-9731-133547214DDE}.Release|x86.Build.0 = Release|Any CPU
		{F0A88F72-429E-4543-93A6-E6D1ADFB3054}.Debug|Any CPU.ActiveCfg = Debug|Any CPU
		{F0A88F72-429E-4543-93A6-E6D1ADFB3054}.Debug|Any CPU.Build.0 = Debug|Any CPU
		{F0A88F72-429E-4543-93A6-E6D1ADFB3054}.Debug|x86.ActiveCfg = Debug|Any CPU
		{F0A88F72-429E-4543-93A6-E6D1ADFB3054}.Debug|x86.Build.0 = Debug|Any CPU
		{F0A88F72-429E-4543-93A6-E6D1ADFB3054}.Release|Any CPU.ActiveCfg = Release|Any CPU
		{F0A88F72-429E-4543-93A6-E6D1ADFB3054}.Release|Any CPU.Build.0 = Release|Any CPU
		{F0A88F72-429E-4543-93A6-E6D1ADFB3054}.Release|x86.ActiveCfg = Release|Any CPU
		{F0A88F72-429E-4543-93A6-E6D1ADFB3054}.Release|x86.Build.0 = Release|Any CPU
		{B59B2782-AE0A-4232-856F-52CD38BBCDCB}.Debug|Any CPU.ActiveCfg = Debug|Any CPU
		{B59B2782-AE0A-4232-856F-52CD38BBCDCB}.Debug|Any CPU.Build.0 = Debug|Any CPU
		{B59B2782-AE0A-4232-856F-52CD38BBCDCB}.Debug|x86.ActiveCfg = Debug|Any CPU
		{B59B2782-AE0A-4232-856F-52CD38BBCDCB}.Debug|x86.Build.0 = Debug|Any CPU
		{B59B2782-AE0A-4232-856F-52CD38BBCDCB}.Release|Any CPU.ActiveCfg = Release|Any CPU
		{B59B2782-AE0A-4232-856F-52CD38BBCDCB}.Release|Any CPU.Build.0 = Release|Any CPU
		{B59B2782-AE0A-4232-856F-52CD38BBCDCB}.Release|x86.ActiveCfg = Release|Any CPU
		{B59B2782-AE0A-4232-856F-52CD38BBCDCB}.Release|x86.Build.0 = Release|Any CPU
		{2D86FB77-C7CF-435E-ABB3-63E0F04F8C3E}.Debug|Any CPU.ActiveCfg = Debug|Any CPU
		{2D86FB77-C7CF-435E-ABB3-63E0F04F8C3E}.Debug|Any CPU.Build.0 = Debug|Any CPU
		{2D86FB77-C7CF-435E-ABB3-63E0F04F8C3E}.Debug|x86.ActiveCfg = Debug|Any CPU
		{2D86FB77-C7CF-435E-ABB3-63E0F04F8C3E}.Debug|x86.Build.0 = Debug|Any CPU
		{2D86FB77-C7CF-435E-ABB3-63E0F04F8C3E}.Release|Any CPU.ActiveCfg = Release|Any CPU
		{2D86FB77-C7CF-435E-ABB3-63E0F04F8C3E}.Release|Any CPU.Build.0 = Release|Any CPU
		{2D86FB77-C7CF-435E-ABB3-63E0F04F8C3E}.Release|x86.ActiveCfg = Release|Any CPU
		{2D86FB77-C7CF-435E-ABB3-63E0F04F8C3E}.Release|x86.Build.0 = Release|Any CPU
		{2882F121-C59F-4C73-8166-4174505C908D}.Debug|Any CPU.ActiveCfg = Debug|Any CPU
		{2882F121-C59F-4C73-8166-4174505C908D}.Debug|Any CPU.Build.0 = Debug|Any CPU
		{2882F121-C59F-4C73-8166-4174505C908D}.Debug|x86.ActiveCfg = Debug|Any CPU
		{2882F121-C59F-4C73-8166-4174505C908D}.Debug|x86.Build.0 = Debug|Any CPU
		{2882F121-C59F-4C73-8166-4174505C908D}.Release|Any CPU.ActiveCfg = Release|Any CPU
		{2882F121-C59F-4C73-8166-4174505C908D}.Release|Any CPU.Build.0 = Release|Any CPU
		{2882F121-C59F-4C73-8166-4174505C908D}.Release|x86.ActiveCfg = Release|Any CPU
		{2882F121-C59F-4C73-8166-4174505C908D}.Release|x86.Build.0 = Release|Any CPU
	EndGlobalSection
	GlobalSection(SolutionProperties) = preSolution
		HideSolutionNode = FALSE
	EndGlobalSection
	GlobalSection(ExtensibilityGlobals) = postSolution
		SolutionGuid = {C0E9B127-3E76-4654-9210-6FAB1D8A303D}
	EndGlobalSection
EndGlobal
